
Microsoft Visual Studio Solution File, Format Version 12.00
# Visual Studio Version 17
VisualStudioVersion = 17.14.36109.1 d17.14
MinimumVisualStudioVersion = 10.0.40219.1
Project("{FAE04EC0-301F-11D3-BF4B-00C04F79EFBC}") = "makkah hotel", "makkah hotel\makkah hotel.csproj", "{EC852DA7-58A1-415E-A055-476641192E71}"
EndProject
Global
	GlobalSection(SolutionConfigurationPlatforms) = preSolution
		Debug|Any CPU = Debug|Any CPU
		Release|Any CPU = Release|Any CPU
	EndGlobalSection
	GlobalSection(ProjectConfigurationPlatforms) = postSolution
		{EC852DA7-58A1-415E-A055-476641192E71}.Debug|Any CPU.ActiveCfg = Debug|Any CPU
		{EC852DA7-58A1-415E-A055-476641192E71}.Debug|Any CPU.Build.0 = Debug|Any CPU
		{EC852DA7-58A1-415E-A055-476641192E71}.Release|Any CPU.ActiveCfg = Release|Any CPU
		{EC852DA7-58A1-415E-A055-476641192E71}.Release|Any CPU.Build.0 = Release|Any CPU
	EndGlobalSection
	GlobalSection(SolutionProperties) = preSolution
		HideSolutionNode = FALSE
	EndGlobalSection
	GlobalSection(ExtensibilityGlobals) = postSolution
		SolutionGuid = {A2BBC987-1ACE-470E-A896-27B2607B96F5}
	EndGlobalSection
EndGlobal
